
Microsoft Visual Studio Solution File, Format Version 12.00
# Visual Studio Version 16
VisualStudioVersion = 16.0.29905.134
MinimumVisualStudioVersion = 10.0.40219.1
Project("{FAE04EC0-301F-11D3-BF4B-00C04F79EFBC}") = "GunslingerSim", "GunslingerSim\GunslingerSim.csproj", "{2C308770-C111-477F-9059-0AFC44E1858F}"
EndProject
Global
	GlobalSection(SolutionConfigurationPlatforms) = preSolution
		Debug|Any CPU = Debug|Any CPU
		Release|Any CPU = Release|Any CPU
	EndGlobalSection
	GlobalSection(ProjectConfigurationPlatforms) = postSolution
		{2C308770-C111-477F-9059-0AFC44E1858F}.Debug|Any CPU.ActiveCfg = Debug|Any CPU
		{2C308770-C111-477F-9059-0AFC44E1858F}.Debug|Any CPU.Build.0 = Debug|Any CPU
		{2C308770-C111-477F-9059-0AFC44E1858F}.Release|Any CPU.ActiveCfg = Release|Any CPU
		{2C308770-C111-477F-9059-0AFC44E1858F}.Release|Any CPU.Build.0 = Release|Any CPU
	EndGlobalSection
	GlobalSection(SolutionProperties) = preSolution
		HideSolutionNode = FALSE
	EndGlobalSection
	GlobalSection(ExtensibilityGlobals) = postSolution
		SolutionGuid = {A641275E-FF61-471D-9B7B-2E1BD91EC320}
	EndGlobalSection
EndGlobal
